
Microsoft Visual Studio Solution File, Format Version 12.00
# Visual Studio Version 17
VisualStudioVersion = 17.14.36301.6
MinimumVisualStudioVersion = 10.0.40219.1
Project("{2150E333-8FDC-42A3-9474-1A3956D46DE8}") = "apicore", "apicore", "{827E0CD3-B72D-47B6-A68D-7590B98EB39B}"
EndProject
Project("{2150E333-8FDC-42A3-9474-1A3956D46DE8}") = "aspire", "aspire", "{02EA681E-C7D8-13C7-8484-4AC65E1B71E8}"
EndProject
Project("{FAE04EC0-301F-11D3-BF4B-00C04F79EFBC}") = "Tasks.Poc.ServiceDefaults", "src\aspire\Tasks.Poc.ServiceDefaults\Tasks.Poc.ServiceDefaults.csproj", "{98D7938F-48BB-D72A-A600-6B7DAE9C5E42}"
EndProject
Project("{FAE04EC0-301F-11D3-BF4B-00C04F79EFBC}") = "Tasks.Poc.AppHost", "src\aspire\Tasks.Poc.AppHost\Tasks.Poc.AppHost.csproj", "{231DC1C3-8CCB-FA4D-D79C-19C8D4617F30}"
EndProject
Project("{2150E333-8FDC-42A3-9474-1A3956D46DE8}") = "services", "services", "{4D0C0E1B-0C57-47B6-9AFC-C48321C7D973}"
EndProject
Project("{2150E333-8FDC-42A3-9474-1A3956D46DE8}") = "tests", "tests", "{7F97E5E2-800C-405A-AC25-A0043BB20E85}"
EndProject
Project("{FAE04EC0-301F-11D3-BF4B-00C04F79EFBC}") = "Tasks.Poc.E2eTests", "src\tests\Tasks.Poc.E2eTests\Tasks.Poc.E2eTests.csproj", "{5A708492-24B6-EB89-695E-126CFC9B433E}"
EndProject
Project("{2150E333-8FDC-42A3-9474-1A3956D46DE8}") = "Solution Items", "Solution Items", "{8EC462FD-D22E-90A8-E5CE-7E832BA40C5D}"
	ProjectSection(SolutionItems) = preProject
		.editorconfig = .editorconfig
		.gitignore = .gitignore
		CLAUDE.md = CLAUDE.md
		Directory.Build.props = Directory.Build.props
		Directory.Packages.props = Directory.Packages.props
		stylecop.json = stylecop.json
		Twarz.Poc.http = Twarz.Poc.http
	EndProjectSection
EndProject
Project("{2150E333-8FDC-42A3-9474-1A3956D46DE8}") = "clients", "clients", "{93B732EB-666F-4C8C-B148-364C30F22A52}"
EndProject
Project("{2150E333-8FDC-42A3-9474-1A3956D46DE8}") = "web", "web", "{556C1D42-C169-4068-B356-78559BDD8181}"
EndProject
Project("{2150E333-8FDC-42A3-9474-1A3956D46DE8}") = "mobile", "mobile", "{5352A469-9FDB-4CE9-8330-7400FD811BED}"
EndProject
Project("{FAE04EC0-301F-11D3-BF4B-00C04F79EFBC}") = "Tasks.Poc.ApiCore", "src\services\apicore\Tasks.Poc.ApiCore\Tasks.Poc.ApiCore.csproj", "{6B33ADAC-CFDE-25B4-F08A-E54E139B3B52}"
EndProject
Project("{FAE04EC0-301F-11D3-BF4B-00C04F79EFBC}") = "Tasks.Poc.Application", "src\services\apicore\Tasks.Poc.Application\Tasks.Poc.Application.csproj", "{EBEDA178-D19F-137B-2C77-1699E942E170}"
EndProject
Project("{FAE04EC0-301F-11D3-BF4B-00C04F79EFBC}") = "Tasks.Poc.Infrastructure", "src\services\apicore\Tasks.Poc.Infrastructure\Tasks.Poc.Infrastructure.csproj", "{41181776-AB04-C508-4479-EB0ED664C02F}"
EndProject
Project("{FAE04EC0-301F-11D3-BF4B-00C04F79EFBC}") = "Tasks.Poc.Domain", "src\services\apicore\Tasks.Poc.Domain\Tasks.Poc.Domain.csproj", "{E2BCDA08-2C23-7540-CF18-F226DC394377}"
EndProject
Project("{FAE04EC0-301F-11D3-BF4B-00C04F79EFBC}") = "Tasks.Poc.Web", "src\clients\web\Tasks.Poc.Web.csproj", "{930E10D5-E75C-77D2-F130-2BC1AB71C7F9}"
EndProject
Project("{2150E333-8FDC-42A3-9474-1A3956D46DE8}") = "fundations", "fundations", "{BC1EBCC3-9601-47EC-861D-4FCD9AE35C54}"
EndProject
Project("{FAE04EC0-301F-11D3-BF4B-00C04F79EFBC}") = "Tasks.Poc.Contracts", "src\fundations\Tasks.Poc.Contracts\Tasks.Poc.Contracts.csproj", "{019CEECE-D2DF-4D34-B968-024A34A2C728}"
EndProject
Project("{FAE04EC0-301F-11D3-BF4B-00C04F79EFBC}") = "Tasks.Poc.Constants", "src\fundations\Tasks.Poc.Constants\Tasks.Poc.Constants.csproj", "{EC5BCBA9-B109-4185-B2BC-4AB5ACCD8C62}"
EndProject
Project("{FAE04EC0-301F-11D3-BF4B-00C04F79EFBC}") = "Tasks.Poc.SharedKernel", "src\fundations\Tasks.Poc.SharedKernel\Tasks.Poc.SharedKernel.csproj", "{E125DE6B-93CC-4A39-9B20-A5132E9C9ECF}"
EndProject
Global
	GlobalSection(SolutionConfigurationPlatforms) = preSolution
		Debug|Any CPU = Debug|Any CPU
		Release|Any CPU = Release|Any CPU
	EndGlobalSection
	GlobalSection(ProjectConfigurationPlatforms) = postSolution
		{98D7938F-48BB-D72A-A600-6B7DAE9C5E42}.Debug|Any CPU.ActiveCfg = Debug|Any CPU
		{98D7938F-48BB-D72A-A600-6B7DAE9C5E42}.Debug|Any CPU.Build.0 = Debug|Any CPU
		{98D7938F-48BB-D72A-A600-6B7DAE9C5E42}.Release|Any CPU.ActiveCfg = Release|Any CPU
		{98D7938F-48BB-D72A-A600-6B7DAE9C5E42}.Release|Any CPU.Build.0 = Release|Any CPU
		{231DC1C3-8CCB-FA4D-D79C-19C8D4617F30}.Debug|Any CPU.ActiveCfg = Debug|Any CPU
		{231DC1C3-8CCB-FA4D-D79C-19C8D4617F30}.Debug|Any CPU.Build.0 = Debug|Any CPU
		{231DC1C3-8CCB-FA4D-D79C-19C8D4617F30}.Release|Any CPU.ActiveCfg = Release|Any CPU
		{231DC1C3-8CCB-FA4D-D79C-19C8D4617F30}.Release|Any CPU.Build.0 = Release|Any CPU
		{5A708492-24B6-EB89-695E-126CFC9B433E}.Debug|Any CPU.ActiveCfg = Debug|Any CPU
		{5A708492-24B6-EB89-695E-126CFC9B433E}.Debug|Any CPU.Build.0 = Debug|Any CPU
		{5A708492-24B6-EB89-695E-126CFC9B433E}.Release|Any CPU.ActiveCfg = Release|Any CPU
		{5A708492-24B6-EB89-695E-126CFC9B433E}.Release|Any CPU.Build.0 = Release|Any CPU
		{6B33ADAC-CFDE-25B4-F08A-E54E139B3B52}.Debug|Any CPU.ActiveCfg = Debug|Any CPU
		{6B33ADAC-CFDE-25B4-F08A-E54E139B3B52}.Debug|Any CPU.Build.0 = Debug|Any CPU
		{6B33ADAC-CFDE-25B4-F08A-E54E139B3B52}.Release|Any CPU.ActiveCfg = Release|Any CPU
		{6B33ADAC-CFDE-25B4-F08A-E54E139B3B52}.Release|Any CPU.Build.0 = Release|Any CPU
		{EBEDA178-D19F-137B-2C77-1699E942E170}.Debug|Any CPU.ActiveCfg = Debug|Any CPU
		{EBEDA178-D19F-137B-2C77-1699E942E170}.Debug|Any CPU.Build.0 = Debug|Any CPU
		{EBEDA178-D19F-137B-2C77-1699E942E170}.Release|Any CPU.ActiveCfg = Release|Any CPU
		{EBEDA178-D19F-137B-2C77-1699E942E170}.Release|Any CPU.Build.0 = Release|Any CPU
		{41181776-AB04-C508-4479-EB0ED664C02F}.Debug|Any CPU.ActiveCfg = Debug|Any CPU
		{41181776-AB04-C508-4479-EB0ED664C02F}.Debug|Any CPU.Build.0 = Debug|Any CPU
		{41181776-AB04-C508-4479-EB0ED664C02F}.Release|Any CPU.ActiveCfg = Release|Any CPU
		{41181776-AB04-C508-4479-EB0ED664C02F}.Release|Any CPU.Build.0 = Release|Any CPU
		{E2BCDA08-2C23-7540-CF18-F226DC394377}.Debug|Any CPU.ActiveCfg = Debug|Any CPU
		{E2BCDA08-2C23-7540-CF18-F226DC394377}.Debug|Any CPU.Build.0 = Debug|Any CPU
		{E2BCDA08-2C23-7540-CF18-F226DC394377}.Release|Any CPU.ActiveCfg = Release|Any CPU
		{E2BCDA08-2C23-7540-CF18-F226DC394377}.Release|Any CPU.Build.0 = Release|Any CPU
		{930E10D5-E75C-77D2-F130-2BC1AB71C7F9}.Debug|Any CPU.ActiveCfg = Debug|Any CPU
		{930E10D5-E75C-77D2-F130-2BC1AB71C7F9}.Debug|Any CPU.Build.0 = Debug|Any CPU
		{930E10D5-E75C-77D2-F130-2BC1AB71C7F9}.Release|Any CPU.ActiveCfg = Release|Any CPU
		{930E10D5-E75C-77D2-F130-2BC1AB71C7F9}.Release|Any CPU.Build.0 = Release|Any CPU
		{019CEECE-D2DF-4D34-B968-024A34A2C728}.Debug|Any CPU.ActiveCfg = Debug|Any CPU
		{019CEECE-D2DF-4D34-B968-024A34A2C728}.Debug|Any CPU.Build.0 = Debug|Any CPU
		{019CEECE-D2DF-4D34-B968-024A34A2C728}.Release|Any CPU.ActiveCfg = Release|Any CPU
		{019CEECE-D2DF-4D34-B968-024A34A2C728}.Release|Any CPU.Build.0 = Release|Any CPU
		{EC5BCBA9-B109-4185-B2BC-4AB5ACCD8C62}.Debug|Any CPU.ActiveCfg = Debug|Any CPU
		{EC5BCBA9-B109-4185-B2BC-4AB5ACCD8C62}.Debug|Any CPU.Build.0 = Debug|Any CPU
		{EC5BCBA9-B109-4185-B2BC-4AB5ACCD8C62}.Release|Any CPU.ActiveCfg = Release|Any CPU
		{EC5BCBA9-B109-4185-B2BC-4AB5ACCD8C62}.Release|Any CPU.Build.0 = Release|Any CPU
		{E125DE6B-93CC-4A39-9B20-A5132E9C9ECF}.Debug|Any CPU.ActiveCfg = Debug|Any CPU
		{E125DE6B-93CC-4A39-9B20-A5132E9C9ECF}.Debug|Any CPU.Build.0 = Debug|Any CPU
		{E125DE6B-93CC-4A39-9B20-A5132E9C9ECF}.Release|Any CPU.ActiveCfg = Release|Any CPU
		{E125DE6B-93CC-4A39-9B20-A5132E9C9ECF}.Release|Any CPU.Build.0 = Release|Any CPU
	EndGlobalSection
	GlobalSection(SolutionProperties) = preSolution
		HideSolutionNode = FALSE
	EndGlobalSection
	GlobalSection(NestedProjects) = preSolution
		{827E0CD3-B72D-47B6-A68D-7590B98EB39B} = {4D0C0E1B-0C57-47B6-9AFC-C48321C7D973}
		{98D7938F-48BB-D72A-A600-6B7DAE9C5E42} = {02EA681E-C7D8-13C7-8484-4AC65E1B71E8}
		{231DC1C3-8CCB-FA4D-D79C-19C8D4617F30} = {02EA681E-C7D8-13C7-8484-4AC65E1B71E8}
		{5A708492-24B6-EB89-695E-126CFC9B433E} = {7F97E5E2-800C-405A-AC25-A0043BB20E85}
		{556C1D42-C169-4068-B356-78559BDD8181} = {93B732EB-666F-4C8C-B148-364C30F22A52}
		{5352A469-9FDB-4CE9-8330-7400FD811BED} = {93B732EB-666F-4C8C-B148-364C30F22A52}
		{6B33ADAC-CFDE-25B4-F08A-E54E139B3B52} = {827E0CD3-B72D-47B6-A68D-7590B98EB39B}
		{EBEDA178-D19F-137B-2C77-1699E942E170} = {827E0CD3-B72D-47B6-A68D-7590B98EB39B}
		{41181776-AB04-C508-4479-EB0ED664C02F} = {827E0CD3-B72D-47B6-A68D-7590B98EB39B}
		{E2BCDA08-2C23-7540-CF18-F226DC394377} = {827E0CD3-B72D-47B6-A68D-7590B98EB39B}
		{930E10D5-E75C-77D2-F130-2BC1AB71C7F9} = {556C1D42-C169-4068-B356-78559BDD8181}
		{019CEECE-D2DF-4D34-B968-024A34A2C728} = {BC1EBCC3-9601-47EC-861D-4FCD9AE35C54}
		{EC5BCBA9-B109-4185-B2BC-4AB5ACCD8C62} = {BC1EBCC3-9601-47EC-861D-4FCD9AE35C54}
		{E125DE6B-93CC-4A39-9B20-A5132E9C9ECF} = {BC1EBCC3-9601-47EC-861D-4FCD9AE35C54}
	EndGlobalSection
	GlobalSection(ExtensibilityGlobals) = postSolution
		SolutionGuid = {767DCFBD-F809-4A1C-9567-9D75A502984C}
	EndGlobalSection
EndGlobal
